
Microsoft Visual Studio Solution File, Format Version 12.00
# Visual Studio Version 17
VisualStudioVersion = 17.1.32228.430
MinimumVisualStudioVersion = 10.0.40219.1
Project("{FAE04EC0-301F-11D3-BF4B-00C04F79EFBC}") = "Chapter8Exercise1", "Chapter8Exercise1.csproj", "{1F334B09-644F-4D51-86ED-FB3B924CB6B5}"
EndProject
Global
	GlobalSection(SolutionConfigurationPlatforms) = preSolution
		Debug|Any CPU = Debug|Any CPU
		Release|Any CPU = Release|Any CPU
	EndGlobalSection
	GlobalSection(ProjectConfigurationPlatforms) = postSolution
		{1F334B09-644F-4D51-86ED-FB3B924CB6B5}.Debug|Any CPU.ActiveCfg = Debug|Any CPU
		{1F334B09-644F-4D51-86ED-FB3B924CB6B5}.Debug|Any CPU.Build.0 = Debug|Any CPU
		{1F334B09-644F-4D51-86ED-FB3B924CB6B5}.Release|Any CPU.ActiveCfg = Release|Any CPU
		{1F334B09-644F-4D51-86ED-FB3B924CB6B5}.Release|Any CPU.Build.0 = Release|Any CPU
	EndGlobalSection
	GlobalSection(SolutionProperties) = preSolution
		HideSolutionNode = FALSE
	EndGlobalSection
	GlobalSection(ExtensibilityGlobals) = postSolution
		SolutionGuid = {85D1F47C-B3B9-467F-B703-7116085E0D66}
	EndGlobalSection
EndGlobal
