
Microsoft Visual Studio Solution File, Format Version 12.00
# Visual Studio Version 17
VisualStudioVersion = 17.1.32228.430
MinimumVisualStudioVersion = 10.0.40219.1
Project("{FAE04EC0-301F-11D3-BF4B-00C04F79EFBC}") = "ListsPropertiesMethods", "ListsPropertiesMethods.csproj", "{1DBADD9A-1CB3-411E-A499-19C8B4909F27}"
EndProject
Global
	GlobalSection(SolutionConfigurationPlatforms) = preSolution
		Debug|Any CPU = Debug|Any CPU
		Release|Any CPU = Release|Any CPU
	EndGlobalSection
	GlobalSection(ProjectConfigurationPlatforms) = postSolution
		{1DBADD9A-1CB3-411E-A499-19C8B4909F27}.Debug|Any CPU.ActiveCfg = Debug|Any CPU
		{1DBADD9A-1CB3-411E-A499-19C8B4909F27}.Debug|Any CPU.Build.0 = Debug|Any CPU
		{1DBADD9A-1CB3-411E-A499-19C8B4909F27}.Release|Any CPU.ActiveCfg = Release|Any CPU
		{1DBADD9A-1CB3-411E-A499-19C8B4909F27}.Release|Any CPU.Build.0 = Release|Any CPU
	EndGlobalSection
	GlobalSection(SolutionProperties) = preSolution
		HideSolutionNode = FALSE
	EndGlobalSection
	GlobalSection(ExtensibilityGlobals) = postSolution
		SolutionGuid = {E9B9DDED-7CD6-4784-A292-7619A96E8CCE}
	EndGlobalSection
EndGlobal
