
Microsoft Visual Studio Solution File, Format Version 12.00
# Visual Studio Version 17
VisualStudioVersion = 17.1.32210.238
MinimumVisualStudioVersion = 10.0.40219.1
Project("{FAE04EC0-301F-11D3-BF4B-00C04F79EFBC}") = "SummarizingText", "SummarizingText\SummarizingText.csproj", "{EB0710B3-9A9A-4FC2-B4DF-74084AFE6982}"
EndProject
Global
	GlobalSection(SolutionConfigurationPlatforms) = preSolution
		Debug|Any CPU = Debug|Any CPU
		Release|Any CPU = Release|Any CPU
	EndGlobalSection
	GlobalSection(ProjectConfigurationPlatforms) = postSolution
		{EB0710B3-9A9A-4FC2-B4DF-74084AFE6982}.Debug|Any CPU.ActiveCfg = Debug|Any CPU
		{EB0710B3-9A9A-4FC2-B4DF-74084AFE6982}.Debug|Any CPU.Build.0 = Debug|Any CPU
		{EB0710B3-9A9A-4FC2-B4DF-74084AFE6982}.Release|Any CPU.ActiveCfg = Release|Any CPU
		{EB0710B3-9A9A-4FC2-B4DF-74084AFE6982}.Release|Any CPU.Build.0 = Release|Any CPU
	EndGlobalSection
	GlobalSection(SolutionProperties) = preSolution
		HideSolutionNode = FALSE
	EndGlobalSection
	GlobalSection(ExtensibilityGlobals) = postSolution
		SolutionGuid = {7BF9FE85-C498-4232-B0E8-CEA5846EA202}
	EndGlobalSection
EndGlobal
