
Microsoft Visual Studio Solution File, Format Version 12.00
# Visual Studio Version 17
VisualStudioVersion = 17.1.32228.430
MinimumVisualStudioVersion = 10.0.40219.1
Project("{FAE04EC0-301F-11D3-BF4B-00C04F79EFBC}") = "Exercise4", "Exercise4.csproj", "{9F622606-CC37-4509-B866-CA3B97FE9AA0}"
EndProject
Global
	GlobalSection(SolutionConfigurationPlatforms) = preSolution
		Debug|Any CPU = Debug|Any CPU
		Release|Any CPU = Release|Any CPU
	EndGlobalSection
	GlobalSection(ProjectConfigurationPlatforms) = postSolution
		{9F622606-CC37-4509-B866-CA3B97FE9AA0}.Debug|Any CPU.ActiveCfg = Debug|Any CPU
		{9F622606-CC37-4509-B866-CA3B97FE9AA0}.Debug|Any CPU.Build.0 = Debug|Any CPU
		{9F622606-CC37-4509-B866-CA3B97FE9AA0}.Release|Any CPU.ActiveCfg = Release|Any CPU
		{9F622606-CC37-4509-B866-CA3B97FE9AA0}.Release|Any CPU.Build.0 = Release|Any CPU
	EndGlobalSection
	GlobalSection(SolutionProperties) = preSolution
		HideSolutionNode = FALSE
	EndGlobalSection
	GlobalSection(ExtensibilityGlobals) = postSolution
		SolutionGuid = {6DD723FC-88B5-421A-9F1E-C789573F5A68}
	EndGlobalSection
EndGlobal
