
Microsoft Visual Studio Solution File, Format Version 12.00
# Visual Studio Version 17
VisualStudioVersion = 17.1.32228.430
MinimumVisualStudioVersion = 10.0.40219.1
Project("{FAE04EC0-301F-11D3-BF4B-00C04F79EFBC}") = "ControlFlowExercise1", "ControlFlowExercise1.csproj", "{BB496787-3894-4BB6-B2B7-5682EF60DCAE}"
EndProject
Global
	GlobalSection(SolutionConfigurationPlatforms) = preSolution
		Debug|Any CPU = Debug|Any CPU
		Release|Any CPU = Release|Any CPU
	EndGlobalSection
	GlobalSection(ProjectConfigurationPlatforms) = postSolution
		{BB496787-3894-4BB6-B2B7-5682EF60DCAE}.Debug|Any CPU.ActiveCfg = Debug|Any CPU
		{BB496787-3894-4BB6-B2B7-5682EF60DCAE}.Debug|Any CPU.Build.0 = Debug|Any CPU
		{BB496787-3894-4BB6-B2B7-5682EF60DCAE}.Release|Any CPU.ActiveCfg = Release|Any CPU
		{BB496787-3894-4BB6-B2B7-5682EF60DCAE}.Release|Any CPU.Build.0 = Release|Any CPU
	EndGlobalSection
	GlobalSection(SolutionProperties) = preSolution
		HideSolutionNode = FALSE
	EndGlobalSection
	GlobalSection(ExtensibilityGlobals) = postSolution
		SolutionGuid = {24B64AE7-9C8F-4502-B17C-9F17AD4503F2}
	EndGlobalSection
EndGlobal
