
Microsoft Visual Studio Solution File, Format Version 12.00
# Visual Studio Version 17
VisualStudioVersion = 17.1.32228.430
MinimumVisualStudioVersion = 10.0.40219.1
Project("{FAE04EC0-301F-11D3-BF4B-00C04F79EFBC}") = "Exercise2", "Exercise2.csproj", "{DC38763F-E9E2-45B3-9614-C0E07A38B760}"
EndProject
Global
	GlobalSection(SolutionConfigurationPlatforms) = preSolution
		Debug|Any CPU = Debug|Any CPU
		Release|Any CPU = Release|Any CPU
	EndGlobalSection
	GlobalSection(ProjectConfigurationPlatforms) = postSolution
		{DC38763F-E9E2-45B3-9614-C0E07A38B760}.Debug|Any CPU.ActiveCfg = Debug|Any CPU
		{DC38763F-E9E2-45B3-9614-C0E07A38B760}.Debug|Any CPU.Build.0 = Debug|Any CPU
		{DC38763F-E9E2-45B3-9614-C0E07A38B760}.Release|Any CPU.ActiveCfg = Release|Any CPU
		{DC38763F-E9E2-45B3-9614-C0E07A38B760}.Release|Any CPU.Build.0 = Release|Any CPU
	EndGlobalSection
	GlobalSection(SolutionProperties) = preSolution
		HideSolutionNode = FALSE
	EndGlobalSection
	GlobalSection(ExtensibilityGlobals) = postSolution
		SolutionGuid = {294946E7-F70B-4CE1-8F20-E4945EB1AB7E}
	EndGlobalSection
EndGlobal
